
Microsoft Visual Studio Solution File, Format Version 12.00
# Visual Studio 2012
Project("{FAE04EC0-301F-11D3-BF4B-00C04F79EFBC}") = "Feature.Attributes", "Feature.Attributes\Feature.Attributes.csproj", "{1386ACC5-FC33-4B56-91C4-4B3A13BF73FF}"
EndProject
Global
	GlobalSection(SolutionConfigurationPlatforms) = preSolution
		Debug|Any CPU = Debug|Any CPU
		Release|Any CPU = Release|Any CPU
	EndGlobalSection
	GlobalSection(ProjectConfigurationPlatforms) = postSolution
		{1386ACC5-FC33-4B56-91C4-4B3A13BF73FF}.Debug|Any CPU.ActiveCfg = Debug|Any CPU
		{1386ACC5-FC33-4B56-91C4-4B3A13BF73FF}.Debug|Any CPU.Build.0 = Debug|Any CPU
		{1386ACC5-FC33-4B56-91C4-4B3A13BF73FF}.Release|Any CPU.ActiveCfg = Release|Any CPU
		{1386ACC5-FC33-4B56-91C4-4B3A13BF73FF}.Release|Any CPU.Build.0 = Release|Any CPU
	EndGlobalSection
	GlobalSection(SolutionProperties) = preSolution
		HideSolutionNode = FALSE
	EndGlobalSection
EndGlobal
